
Microsoft Visual Studio Solution File, Format Version 12.00
# Visual Studio Version 16
VisualStudioVersion = 16.0.30011.22
MinimumVisualStudioVersion = 10.0.40219.1
Project("{F184B08F-C81C-45F6-A57F-5ABD9991F28F}") = "COBAAN TUHAN", "COBAAN TUHAN\COBAAN TUHAN.vbproj", "{D523840F-425B-417C-ABF2-05BF942F9FF6}"
EndProject
Global
	GlobalSection(SolutionConfigurationPlatforms) = preSolution
		Debug|Any CPU = Debug|Any CPU
		Release|Any CPU = Release|Any CPU
	EndGlobalSection
	GlobalSection(ProjectConfigurationPlatforms) = postSolution
		{D523840F-425B-417C-ABF2-05BF942F9FF6}.Debug|Any CPU.ActiveCfg = Debug|Any CPU
		{D523840F-425B-417C-ABF2-05BF942F9FF6}.Debug|Any CPU.Build.0 = Debug|Any CPU
		{D523840F-425B-417C-ABF2-05BF942F9FF6}.Release|Any CPU.ActiveCfg = Release|Any CPU
		{D523840F-425B-417C-ABF2-05BF942F9FF6}.Release|Any CPU.Build.0 = Release|Any CPU
	EndGlobalSection
	GlobalSection(SolutionProperties) = preSolution
		HideSolutionNode = FALSE
	EndGlobalSection
	GlobalSection(ExtensibilityGlobals) = postSolution
		SolutionGuid = {C8DA8E8C-E3BE-4085-B3E5-63CB4ED6975D}
	EndGlobalSection
EndGlobal
